{
  "name": "2",
  "version": "1.0.0",
  "lockfileVersion": 1,
  "requires": true,
  "dependencies": {
    "eve": {
      "version": "0.5.4",
      "resolved": "https://registry.npmjs.org/eve/-/eve-0.5.4.tgz",
      "integrity": "sha1-Z9CAuXJSkdfjieNMJoYN2X8d66o="
    },
    "lax.js": {
      "version": "2.0.3",
      "resolved": "https://registry.npmjs.org/lax.js/-/lax.js-2.0.3.tgz",
      "integrity": "sha512-q2q0jVRwruvFdQZeeE3OwIszRIkey6CItPmB+BcTUFPgHd2R8LI+bntAI7d2GJEjheu79mzQ++MROkODuZoXlA=="
    },
    "snapsvg": {
      "version": "0.5.1",
      "resolved": "https://registry.npmjs.org/snapsvg/-/snapsvg-0.5.1.tgz",
      "integrity": "sha1-DK9Sx5GJopB0b8RGzF6GP2vd3+M=",
      "requires": {
        "eve": "~0.5.1"
      }
    }
  }
}
